
Microsoft Visual Studio Solution File, Format Version 12.00
# Visual Studio Version 17
VisualStudioVersion = 17.8.34330.188
MinimumVisualStudioVersion = 10.0.40219.1
Project("{FAE04EC0-301F-11D3-BF4B-00C04F79EFBC}") = "WheelsOnDeals", "WheelsOnDeals.csproj", "{4A3FDCCF-44CF-4ECA-8973-8552191C4AAF}"
EndProject
Global
	GlobalSection(SolutionConfigurationPlatforms) = preSolution
		Debug|Any CPU = Debug|Any CPU
		Release|Any CPU = Release|Any CPU
	EndGlobalSection
	GlobalSection(ProjectConfigurationPlatforms) = postSolution
		{4A3FDCCF-44CF-4ECA-8973-8552191C4AAF}.Debug|Any CPU.ActiveCfg = Debug|Any CPU
		{4A3FDCCF-44CF-4ECA-8973-8552191C4AAF}.Debug|Any CPU.Build.0 = Debug|Any CPU
		{4A3FDCCF-44CF-4ECA-8973-8552191C4AAF}.Release|Any CPU.ActiveCfg = Release|Any CPU
		{4A3FDCCF-44CF-4ECA-8973-8552191C4AAF}.Release|Any CPU.Build.0 = Release|Any CPU
	EndGlobalSection
	GlobalSection(SolutionProperties) = preSolution
		HideSolutionNode = FALSE
	EndGlobalSection
	GlobalSection(ExtensibilityGlobals) = postSolution
		SolutionGuid = {5580FB5E-A19F-4A55-81A6-F34F77FDB01F}
	EndGlobalSection
EndGlobal
